
Microsoft Visual Studio Solution File, Format Version 12.00
# Visual Studio 15
VisualStudioVersion = 15.0.27130.2026
MinimumVisualStudioVersion = 10.0.40219.1
Project("{FAE04EC0-301F-11D3-BF4B-00C04F79EFBC}") = "Inventory", "Inventory\Inventory.csproj", "{8E9A1F7A-6BD4-485D-BF9B-2B7EBCCDA37B}"
EndProject
Global
	GlobalSection(SolutionConfigurationPlatforms) = preSolution
		Debug|Any CPU = Debug|Any CPU
		Release|Any CPU = Release|Any CPU
	EndGlobalSection
	GlobalSection(ProjectConfigurationPlatforms) = postSolution
		{8E9A1F7A-6BD4-485D-BF9B-2B7EBCCDA37B}.Debug|Any CPU.ActiveCfg = Debug|Any CPU
		{8E9A1F7A-6BD4-485D-BF9B-2B7EBCCDA37B}.Debug|Any CPU.Build.0 = Debug|Any CPU
		{8E9A1F7A-6BD4-485D-BF9B-2B7EBCCDA37B}.Release|Any CPU.ActiveCfg = Release|Any CPU
		{8E9A1F7A-6BD4-485D-BF9B-2B7EBCCDA37B}.Release|Any CPU.Build.0 = Release|Any CPU
	EndGlobalSection
	GlobalSection(SolutionProperties) = preSolution
		HideSolutionNode = FALSE
	EndGlobalSection
	GlobalSection(ExtensibilityGlobals) = postSolution
		SolutionGuid = {8461FEC0-4A1D-4264-8A2C-6CCD18DDE0A5}
	EndGlobalSection
EndGlobal
